# This file is generated by running "yarn install" inside your project.
# Manual changes might be lost - proceed with caution!

__metadata:
  version: 6
  cacheKey: 8

"aoe_technology_radar@github:flaconi/tech-radar-core#v1.0.1":
  version: 4.4.0
  resolution: "aoe_technology_radar@https://github.com/flaconi/tech-radar-core.git#commit=51f53aa7be6db37133c4a371495aab428cdbc25f"
  bin:
    techradar: ./bin/techradar.js
  checksum: 201b37a93eaef7a8c75b6a72629e2979dd90b46068e35d7d26c7749c361c89aaa1260af0ebd829a64ee6d9c87dbf0a24e4d09ab8e834097474e0dbe5dae8afad
  languageName: node
  linkType: hard

"flaconi-tech-radar@workspace:.":
  version: 0.0.0-use.local
  resolution: "flaconi-tech-radar@workspace:."
  dependencies:
    aoe_technology_radar: "github:flaconi/tech-radar-core#v1.0.1"
  languageName: unknown
  linkType: soft
