# THIS IS AN AUTOGENERATED FILE. DO NOT EDIT THIS FILE DIRECTLY.
# yarn lockfile v1


aoe_technology_radar@^4.4.0:
  version "4.4.0"
  resolved "https://registry.yarnpkg.com/aoe_technology_radar/-/aoe_technology_radar-4.4.0.tgz#5b83429f707ab6942dbcfe24d711239778fb3626"
  integrity sha512-r/6kWsT5FOJ4nf/aRu7hhqL06TntBGi5JM72GvoD30LAi3Qz4DFnOIAeCoCzxW/UovrY6Ko9PsS227QxzZ1VeA==
